
Microsoft Visual Studio Solution File, Format Version 12.00
# Visual Studio 15
Project("{FAE04EC0-301F-11D3-BF4B-00C04F79EFBC}") = "Assembly-CSharp", "Assembly-CSharp.csproj", "{E7FF0D61-D08C-E803-BED0-1A0FE433891C}"
EndProject
Project("{FAE04EC0-301F-11D3-BF4B-00C04F79EFBC}") = "PhotonUnityNetworking.Utilities", "PhotonUnityNetworking.Utilities.csproj", "{858AD80A-0CFF-D882-CB7B-7E40181D2D6E}"
EndProject
Project("{FAE04EC0-301F-11D3-BF4B-00C04F79EFBC}") = "PhotonChat", "PhotonChat.csproj", "{427AA481-752F-A0B0-8FD7-3C8E2FDF34B8}"
EndProject
Project("{FAE04EC0-301F-11D3-BF4B-00C04F79EFBC}") = "PhotonUnityNetworking", "PhotonUnityNetworking.csproj", "{89C031F3-12FA-C18F-6ACB-0F271696E53D}"
EndProject
Project("{FAE04EC0-301F-11D3-BF4B-00C04F79EFBC}") = "PhotonRealtime", "PhotonRealtime.csproj", "{480C1DF5-0F36-C6D1-F599-E77F76C76CA0}"
EndProject
Project("{FAE04EC0-301F-11D3-BF4B-00C04F79EFBC}") = "PhotonWebSocket", "PhotonWebSocket.csproj", "{74D70702-F494-63F0-A066-87072E2C5148}"
EndProject
Project("{FAE04EC0-301F-11D3-BF4B-00C04F79EFBC}") = "Assembly-CSharp-Editor", "Assembly-CSharp-Editor.csproj", "{F19C0A70-C15B-CC98-C911-ABA06CDF0757}"
EndProject
Project("{FAE04EC0-301F-11D3-BF4B-00C04F79EFBC}") = "PhotonUnityNetworking.Editor", "PhotonUnityNetworking.Editor.csproj", "{817C4E4F-FB89-44C1-1318-46F89EFB7319}"
EndProject
Project("{FAE04EC0-301F-11D3-BF4B-00C04F79EFBC}") = "PhotonUnityNetworking.Utilities.PhotonPlayer.Editor", "PhotonUnityNetworking.Utilities.PhotonPlayer.Editor.csproj", "{8EB9658D-1855-57F0-75B8-052DC16CFEE7}"
EndProject
Project("{FAE04EC0-301F-11D3-BF4B-00C04F79EFBC}") = "PhotonUnityNetworking.Utilities.Culling.Editor", "PhotonUnityNetworking.Utilities.Culling.Editor.csproj", "{AC1E1BF1-760F-E956-563A-FB79BC7549A4}"
EndProject
Global
	GlobalSection(SolutionConfigurationPlatforms) = preSolution
		Debug|Any CPU = Debug|Any CPU
		Release|Any CPU = Release|Any CPU
	EndGlobalSection
	GlobalSection(ProjectConfigurationPlatforms) = postSolution
		{E7FF0D61-D08C-E803-BED0-1A0FE433891C}.Debug|Any CPU.ActiveCfg = Debug|Any CPU
		{E7FF0D61-D08C-E803-BED0-1A0FE433891C}.Debug|Any CPU.Build.0 = Debug|Any CPU
		{E7FF0D61-D08C-E803-BED0-1A0FE433891C}.Release|Any CPU.ActiveCfg = Release|Any CPU
		{E7FF0D61-D08C-E803-BED0-1A0FE433891C}.Release|Any CPU.Build.0 = Release|Any CPU
		{858AD80A-0CFF-D882-CB7B-7E40181D2D6E}.Debug|Any CPU.ActiveCfg = Debug|Any CPU
		{858AD80A-0CFF-D882-CB7B-7E40181D2D6E}.Debug|Any CPU.Build.0 = Debug|Any CPU
		{858AD80A-0CFF-D882-CB7B-7E40181D2D6E}.Release|Any CPU.ActiveCfg = Release|Any CPU
		{858AD80A-0CFF-D882-CB7B-7E40181D2D6E}.Release|Any CPU.Build.0 = Release|Any CPU
		{427AA481-752F-A0B0-8FD7-3C8E2FDF34B8}.Debug|Any CPU.ActiveCfg = Debug|Any CPU
		{427AA481-752F-A0B0-8FD7-3C8E2FDF34B8}.Debug|Any CPU.Build.0 = Debug|Any CPU
		{427AA481-752F-A0B0-8FD7-3C8E2FDF34B8}.Release|Any CPU.ActiveCfg = Release|Any CPU
		{427AA481-752F-A0B0-8FD7-3C8E2FDF34B8}.Release|Any CPU.Build.0 = Release|Any CPU
		{89C031F3-12FA-C18F-6ACB-0F271696E53D}.Debug|Any CPU.ActiveCfg = Debug|Any CPU
		{89C031F3-12FA-C18F-6ACB-0F271696E53D}.Debug|Any CPU.Build.0 = Debug|Any CPU
		{89C031F3-12FA-C18F-6ACB-0F271696E53D}.Release|Any CPU.ActiveCfg = Release|Any CPU
		{89C031F3-12FA-C18F-6ACB-0F271696E53D}.Release|Any CPU.Build.0 = Release|Any CPU
		{480C1DF5-0F36-C6D1-F599-E77F76C76CA0}.Debug|Any CPU.ActiveCfg = Debug|Any CPU
		{480C1DF5-0F36-C6D1-F599-E77F76C76CA0}.Debug|Any CPU.Build.0 = Debug|Any CPU
		{480C1DF5-0F36-C6D1-F599-E77F76C76CA0}.Release|Any CPU.ActiveCfg = Release|Any CPU
		{480C1DF5-0F36-C6D1-F599-E77F76C76CA0}.Release|Any CPU.Build.0 = Release|Any CPU
		{74D70702-F494-63F0-A066-87072E2C5148}.Debug|Any CPU.ActiveCfg = Debug|Any CPU
		{74D70702-F494-63F0-A066-87072E2C5148}.Debug|Any CPU.Build.0 = Debug|Any CPU
		{74D70702-F494-63F0-A066-87072E2C5148}.Release|Any CPU.ActiveCfg = Release|Any CPU
		{74D70702-F494-63F0-A066-87072E2C5148}.Release|Any CPU.Build.0 = Release|Any CPU
		{F19C0A70-C15B-CC98-C911-ABA06CDF0757}.Debug|Any CPU.ActiveCfg = Debug|Any CPU
		{F19C0A70-C15B-CC98-C911-ABA06CDF0757}.Debug|Any CPU.Build.0 = Debug|Any CPU
		{F19C0A70-C15B-CC98-C911-ABA06CDF0757}.Release|Any CPU.ActiveCfg = Release|Any CPU
		{F19C0A70-C15B-CC98-C911-ABA06CDF0757}.Release|Any CPU.Build.0 = Release|Any CPU
		{817C4E4F-FB89-44C1-1318-46F89EFB7319}.Debug|Any CPU.ActiveCfg = Debug|Any CPU
		{817C4E4F-FB89-44C1-1318-46F89EFB7319}.Debug|Any CPU.Build.0 = Debug|Any CPU
		{817C4E4F-FB89-44C1-1318-46F89EFB7319}.Release|Any CPU.ActiveCfg = Release|Any CPU
		{817C4E4F-FB89-44C1-1318-46F89EFB7319}.Release|Any CPU.Build.0 = Release|Any CPU
		{8EB9658D-1855-57F0-75B8-052DC16CFEE7}.Debug|Any CPU.ActiveCfg = Debug|Any CPU
		{8EB9658D-1855-57F0-75B8-052DC16CFEE7}.Debug|Any CPU.Build.0 = Debug|Any CPU
		{8EB9658D-1855-57F0-75B8-052DC16CFEE7}.Release|Any CPU.ActiveCfg = Release|Any CPU
		{8EB9658D-1855-57F0-75B8-052DC16CFEE7}.Release|Any CPU.Build.0 = Release|Any CPU
		{AC1E1BF1-760F-E956-563A-FB79BC7549A4}.Debug|Any CPU.ActiveCfg = Debug|Any CPU
		{AC1E1BF1-760F-E956-563A-FB79BC7549A4}.Debug|Any CPU.Build.0 = Debug|Any CPU
		{AC1E1BF1-760F-E956-563A-FB79BC7549A4}.Release|Any CPU.ActiveCfg = Release|Any CPU
		{AC1E1BF1-760F-E956-563A-FB79BC7549A4}.Release|Any CPU.Build.0 = Release|Any CPU
	EndGlobalSection
	GlobalSection(SolutionProperties) = preSolution
		HideSolutionNode = FALSE
	EndGlobalSection
EndGlobal
