
Microsoft Visual Studio Solution File, Format Version 12.00
# Visual Studio 15
Project("{FAE04EC0-301F-11D3-BF4B-00C04F79EFBC}") = "Assembly-CSharp", "Assembly-CSharp.csproj", "{457DDE29-9904-179F-D63E-A996527B47C5}"
EndProject
Project("{FAE04EC0-301F-11D3-BF4B-00C04F79EFBC}") = "PhotonUnityNetworking.Utilities", "PhotonUnityNetworking.Utilities.csproj", "{C7E3E307-7BD3-A95E-ADE0-6A4FF6B8A1F6}"
EndProject
Project("{FAE04EC0-301F-11D3-BF4B-00C04F79EFBC}") = "PhotonChat", "PhotonChat.csproj", "{8D781481-5160-5522-ED26-40CBB790710F}"
EndProject
Project("{FAE04EC0-301F-11D3-BF4B-00C04F79EFBC}") = "PhotonUnityNetworking", "PhotonUnityNetworking.csproj", "{EFB29D5F-B7E2-7EEF-471E-6301ED541081}"
EndProject
Project("{FAE04EC0-301F-11D3-BF4B-00C04F79EFBC}") = "PhotonRealtime", "PhotonRealtime.csproj", "{65BC5719-86E6-5580-737C-10448B299FA0}"
EndProject
Project("{FAE04EC0-301F-11D3-BF4B-00C04F79EFBC}") = "PhotonWebSocket", "PhotonWebSocket.csproj", "{560579C9-686C-E965-4AB9-A85A7BF3407F}"
EndProject
Project("{FAE04EC0-301F-11D3-BF4B-00C04F79EFBC}") = "Assembly-CSharp-Editor", "Assembly-CSharp-Editor.csproj", "{2A825505-935A-D022-3028-8454619B5EF6}"
EndProject
Project("{FAE04EC0-301F-11D3-BF4B-00C04F79EFBC}") = "PhotonUnityNetworking.Editor", "PhotonUnityNetworking.Editor.csproj", "{5F724075-0D86-624E-A181-0DC7E82AB2C9}"
EndProject
Project("{FAE04EC0-301F-11D3-BF4B-00C04F79EFBC}") = "PhotonUnityNetworking.Utilities.PhotonPlayer.Editor", "PhotonUnityNetworking.Utilities.PhotonPlayer.Editor.csproj", "{DB123890-36F7-61A4-8466-C35DF5196817}"
EndProject
Project("{FAE04EC0-301F-11D3-BF4B-00C04F79EFBC}") = "PhotonUnityNetworking.Utilities.Culling.Editor", "PhotonUnityNetworking.Utilities.Culling.Editor.csproj", "{4A2BAA1D-ED83-2723-AE84-A038A14A35B6}"
EndProject
Global
	GlobalSection(SolutionConfigurationPlatforms) = preSolution
		Debug|Any CPU = Debug|Any CPU
		Release|Any CPU = Release|Any CPU
	EndGlobalSection
	GlobalSection(ProjectConfigurationPlatforms) = postSolution
		{457DDE29-9904-179F-D63E-A996527B47C5}.Debug|Any CPU.ActiveCfg = Debug|Any CPU
		{457DDE29-9904-179F-D63E-A996527B47C5}.Debug|Any CPU.Build.0 = Debug|Any CPU
		{457DDE29-9904-179F-D63E-A996527B47C5}.Release|Any CPU.ActiveCfg = Release|Any CPU
		{457DDE29-9904-179F-D63E-A996527B47C5}.Release|Any CPU.Build.0 = Release|Any CPU
		{C7E3E307-7BD3-A95E-ADE0-6A4FF6B8A1F6}.Debug|Any CPU.ActiveCfg = Debug|Any CPU
		{C7E3E307-7BD3-A95E-ADE0-6A4FF6B8A1F6}.Debug|Any CPU.Build.0 = Debug|Any CPU
		{C7E3E307-7BD3-A95E-ADE0-6A4FF6B8A1F6}.Release|Any CPU.ActiveCfg = Release|Any CPU
		{C7E3E307-7BD3-A95E-ADE0-6A4FF6B8A1F6}.Release|Any CPU.Build.0 = Release|Any CPU
		{8D781481-5160-5522-ED26-40CBB790710F}.Debug|Any CPU.ActiveCfg = Debug|Any CPU
		{8D781481-5160-5522-ED26-40CBB790710F}.Debug|Any CPU.Build.0 = Debug|Any CPU
		{8D781481-5160-5522-ED26-40CBB790710F}.Release|Any CPU.ActiveCfg = Release|Any CPU
		{8D781481-5160-5522-ED26-40CBB790710F}.Release|Any CPU.Build.0 = Release|Any CPU
		{EFB29D5F-B7E2-7EEF-471E-6301ED541081}.Debug|Any CPU.ActiveCfg = Debug|Any CPU
		{EFB29D5F-B7E2-7EEF-471E-6301ED541081}.Debug|Any CPU.Build.0 = Debug|Any CPU
		{EFB29D5F-B7E2-7EEF-471E-6301ED541081}.Release|Any CPU.ActiveCfg = Release|Any CPU
		{EFB29D5F-B7E2-7EEF-471E-6301ED541081}.Release|Any CPU.Build.0 = Release|Any CPU
		{65BC5719-86E6-5580-737C-10448B299FA0}.Debug|Any CPU.ActiveCfg = Debug|Any CPU
		{65BC5719-86E6-5580-737C-10448B299FA0}.Debug|Any CPU.Build.0 = Debug|Any CPU
		{65BC5719-86E6-5580-737C-10448B299FA0}.Release|Any CPU.ActiveCfg = Release|Any CPU
		{65BC5719-86E6-5580-737C-10448B299FA0}.Release|Any CPU.Build.0 = Release|Any CPU
		{560579C9-686C-E965-4AB9-A85A7BF3407F}.Debug|Any CPU.ActiveCfg = Debug|Any CPU
		{560579C9-686C-E965-4AB9-A85A7BF3407F}.Debug|Any CPU.Build.0 = Debug|Any CPU
		{560579C9-686C-E965-4AB9-A85A7BF3407F}.Release|Any CPU.ActiveCfg = Release|Any CPU
		{560579C9-686C-E965-4AB9-A85A7BF3407F}.Release|Any CPU.Build.0 = Release|Any CPU
		{2A825505-935A-D022-3028-8454619B5EF6}.Debug|Any CPU.ActiveCfg = Debug|Any CPU
		{2A825505-935A-D022-3028-8454619B5EF6}.Debug|Any CPU.Build.0 = Debug|Any CPU
		{2A825505-935A-D022-3028-8454619B5EF6}.Release|Any CPU.ActiveCfg = Release|Any CPU
		{2A825505-935A-D022-3028-8454619B5EF6}.Release|Any CPU.Build.0 = Release|Any CPU
		{5F724075-0D86-624E-A181-0DC7E82AB2C9}.Debug|Any CPU.ActiveCfg = Debug|Any CPU
		{5F724075-0D86-624E-A181-0DC7E82AB2C9}.Debug|Any CPU.Build.0 = Debug|Any CPU
		{5F724075-0D86-624E-A181-0DC7E82AB2C9}.Release|Any CPU.ActiveCfg = Release|Any CPU
		{5F724075-0D86-624E-A181-0DC7E82AB2C9}.Release|Any CPU.Build.0 = Release|Any CPU
		{DB123890-36F7-61A4-8466-C35DF5196817}.Debug|Any CPU.ActiveCfg = Debug|Any CPU
		{DB123890-36F7-61A4-8466-C35DF5196817}.Debug|Any CPU.Build.0 = Debug|Any CPU
		{DB123890-36F7-61A4-8466-C35DF5196817}.Release|Any CPU.ActiveCfg = Release|Any CPU
		{DB123890-36F7-61A4-8466-C35DF5196817}.Release|Any CPU.Build.0 = Release|Any CPU
		{4A2BAA1D-ED83-2723-AE84-A038A14A35B6}.Debug|Any CPU.ActiveCfg = Debug|Any CPU
		{4A2BAA1D-ED83-2723-AE84-A038A14A35B6}.Debug|Any CPU.Build.0 = Debug|Any CPU
		{4A2BAA1D-ED83-2723-AE84-A038A14A35B6}.Release|Any CPU.ActiveCfg = Release|Any CPU
		{4A2BAA1D-ED83-2723-AE84-A038A14A35B6}.Release|Any CPU.Build.0 = Release|Any CPU
	EndGlobalSection
	GlobalSection(SolutionProperties) = preSolution
		HideSolutionNode = FALSE
	EndGlobalSection
EndGlobal
